
Microsoft Visual Studio Solution File, Format Version 12.00
# Visual Studio Version 17
VisualStudioVersion = 17.4.33213.308
MinimumVisualStudioVersion = 10.0.40219.1
Project("{9A19103F-16F7-4668-BE54-9A1E7A4F7556}") = "DistributionOfStudents", "DistributionOfStudents\DistributionOfStudents.csproj", "{1EC0B3BC-960C-4E0C-BF64-F23A2BC63CB6}"
EndProject
Project("{2150E333-8FDC-42A3-9474-1A3956D46DE8}") = "Solution Items", "Solution Items", "{18C1A7C7-7AF5-41B6-B67C-80E73E3B8130}"
	ProjectSection(SolutionItems) = preProject
		.editorconfig = .editorconfig
	EndProjectSection
EndProject
Global
	GlobalSection(SolutionConfigurationPlatforms) = preSolution
		Debug|Any CPU = Debug|Any CPU
		Release|Any CPU = Release|Any CPU
	EndGlobalSection
	GlobalSection(ProjectConfigurationPlatforms) = postSolution
		{1EC0B3BC-960C-4E0C-BF64-F23A2BC63CB6}.Debug|Any CPU.ActiveCfg = Debug|Any CPU
		{1EC0B3BC-960C-4E0C-BF64-F23A2BC63CB6}.Debug|Any CPU.Build.0 = Debug|Any CPU
		{1EC0B3BC-960C-4E0C-BF64-F23A2BC63CB6}.Release|Any CPU.ActiveCfg = Release|Any CPU
		{1EC0B3BC-960C-4E0C-BF64-F23A2BC63CB6}.Release|Any CPU.Build.0 = Release|Any CPU
	EndGlobalSection
	GlobalSection(SolutionProperties) = preSolution
		HideSolutionNode = FALSE
	EndGlobalSection
	GlobalSection(ExtensibilityGlobals) = postSolution
		SolutionGuid = {6CEB5B7A-DA9D-4663-B9D9-D3081A24F409}
	EndGlobalSection
EndGlobal
